
Microsoft Visual Studio Solution File, Format Version 12.00
# Visual Studio 15
VisualStudioVersion = 15.0.28307.1500
MinimumVisualStudioVersion = 10.0.40219.1
Project("{D2ABAB84-BF74-430A-B69E-9DC6D40DDA17}") = "CovidAnalysis", "CovidAnalysis\CovidAnalysis.dwproj", "{3342FD8C-D46D-438D-BA48-AB9FDE081C0A}"
EndProject
Global
	GlobalSection(SolutionConfigurationPlatforms) = preSolution
		Development|Default = Development|Default
	EndGlobalSection
	GlobalSection(ProjectConfigurationPlatforms) = postSolution
		{3342FD8C-D46D-438D-BA48-AB9FDE081C0A}.Development|Default.ActiveCfg = Development
		{3342FD8C-D46D-438D-BA48-AB9FDE081C0A}.Development|Default.Build.0 = Development
		{3342FD8C-D46D-438D-BA48-AB9FDE081C0A}.Development|Default.Deploy.0 = Development
	EndGlobalSection
	GlobalSection(SolutionProperties) = preSolution
		HideSolutionNode = FALSE
	EndGlobalSection
	GlobalSection(ExtensibilityGlobals) = postSolution
		SolutionGuid = {4701C085-C0CB-4E19-B4DF-CF5BDDE1FD02}
	EndGlobalSection
EndGlobal
